PODS:
  - Bond (7.6.6):
    - Differ (~> 1.4)
    - ReactiveKit (~> 3.14)
  - Differ (1.4.5)
  - ReactiveKit (3.17.4)
  - SwiftLint (0.40.2)

DEPENDENCIES:
  - Bond
  - ReactiveKit
  - SwiftLint

SPEC REPOS:
  trunk:
    - Bond
    - Differ
    - ReactiveKit
    - SwiftLint

SPEC CHECKSUMS:
  Bond: 9e7d901cf4ed825b6004a93dd0a7f1c7479e2834
  Differ: 3b6bd78e2b20cc795d9a86f7641d087524e4273e
  ReactiveKit: f9f9e079efa39312c597bf1508ef4810d111ce76
  SwiftLint: 1216c910d27c2633ade33b4f071bb6b930982e62

PODFILE CHECKSUM: 3bc49b1db17c6e0022f45d0bead597485a650344

COCOAPODS: 1.9.3
