// !$*UTF8*$!
{
	archiveVersion = 1;
	classes = {
	};
	objectVersion = 50;
	objects = {

/* Begin PBXBuildFile section */
		9F34057A24FED00C0035A385 /* Item.swift in Sources */ = {isa = PBXBuildFile; fileRef = 9F34057924FED00C0035A385 /* Item.swift */; };
		9F34058124FED5CF0035A385 /* ExpiredListViewController.swift in Sources */ = {isa = PBXBuildFile; fileRef = 9F34057F24FED5CF0035A385 /* ExpiredListViewController.swift */; };
		9F34058224FED5CF0035A385 /* ExpiredListViewController.xib in Resources */ = {isa = PBXBuildFile; fileRef = 9F34058024FED5CF0035A385 /* ExpiredListViewController.xib */; };
		9F34058B24FED63E0035A385 /* FullListViewController.swift in Sources */ = {isa = PBXBuildFile; fileRef = 9F34058924FED63E0035A385 /* FullListViewController.swift */; };
		9F34058C24FED63E0035A385 /* FullListViewController.xib in Resources */ = {isa = PBXBuildFile; fileRef = 9F34058A24FED63E0035A385 /* FullListViewController.xib */; };
		9F34059024FED6580035A385 /* DetailViewController.swift in Sources */ = {isa = PBXBuildFile; fileRef = 9F34058E24FED6580035A385 /* DetailViewController.swift */; };
		9F34059124FED6580035A385 /* DetailViewController.xib in Resources */ = {isa = PBXBuildFile; fileRef = 9F34058F24FED6580035A385 /* DetailViewController.xib */; };
		9F34059724FED7EE0035A385 /* FullListCell.swift in Sources */ = {isa = PBXBuildFile; fileRef = 9F34059624FED7EE0035A385 /* FullListCell.swift */; };
		9F888C3925014EF8003810D4 /* GetItems.swift in Sources */ = {isa = PBXBuildFile; fileRef = 9F888C3825014EF8003810D4 /* GetItems.swift */; };
		9F930BF624FEC55E0034C8F7 /* AppDelegate.swift in Sources */ = {isa = PBXBuildFile; fileRef = 9F930BF524FEC55E0034C8F7 /* AppDelegate.swift */; };
		9F930BF824FEC55E0034C8F7 /* SceneDelegate.swift in Sources */ = {isa = PBXBuildFile; fileRef = 9F930BF724FEC55E0034C8F7 /* SceneDelegate.swift */; };
		9F930BFD24FEC55E0034C8F7 /* Main.storyboard in Resources */ = {isa = PBXBuildFile; fileRef = 9F930BFB24FEC55E0034C8F7 /* Main.storyboard */; };
		9F930BFF24FEC55F0034C8F7 /* Assets.xcassets in Resources */ = {isa = PBXBuildFile; fileRef = 9F930BFE24FEC55F0034C8F7 /* Assets.xcassets */; };
		9F930C0224FEC55F0034C8F7 /* LaunchScreen.storyboard in Resources */ = {isa = PBXBuildFile; fileRef = 9F930C0024FEC55F0034C8F7 /* LaunchScreen.storyboard */; };
/* End PBXBuildFile section */

/* Begin PBXFileReference section */
		9F34057924FED00C0035A385 /* Item.swift */ = {isa = PBXFileReference; lastKnownFileType = sourcecode.swift; path = Item.swift; sourceTree = "<group>"; };
		9F34057F24FED5CF0035A385 /* ExpiredListViewController.swift */ = {isa = PBXFileReference; lastKnownFileType = sourcecode.swift; path = ExpiredListViewController.swift; sourceTree = "<group>"; };
		9F34058024FED5CF0035A385 /* ExpiredListViewController.xib */ = {isa = PBXFileReference; lastKnownFileType = file.xib; path = ExpiredListViewController.xib; sourceTree = "<group>"; };
		9F34058924FED63E0035A385 /* FullListViewController.swift */ = {isa = PBXFileReference; lastKnownFileType = sourcecode.swift; path = FullListViewController.swift; sourceTree = "<group>"; };
		9F34058A24FED63E0035A385 /* FullListViewController.xib */ = {isa = PBXFileReference; lastKnownFileType = file.xib; path = FullListViewController.xib; sourceTree = "<group>"; };
		9F34058E24FED6580035A385 /* DetailViewController.swift */ = {isa = PBXFileReference; lastKnownFileType = sourcecode.swift; path = DetailViewController.swift; sourceTree = "<group>"; };
		9F34058F24FED6580035A385 /* DetailViewController.xib */ = {isa = PBXFileReference; lastKnownFileType = file.xib; path = DetailViewController.xib; sourceTree = "<group>"; };
		9F34059624FED7EE0035A385 /* FullListCell.swift */ = {isa = PBXFileReference; lastKnownFileType = sourcecode.swift; path = FullListCell.swift; sourceTree = "<group>"; };
		9F888C3825014EF8003810D4 /* GetItems.swift */ = {isa = PBXFileReference; lastKnownFileType = sourcecode.swift; path = GetItems.swift; sourceTree = "<group>"; };
		9F930BF224FEC55E0034C8F7 /* GoGet.app */ = {isa = PBXFileReference; explicitFileType = wrapper.application; includeInIndex = 0; path = GoGet.app; sourceTree = BUILT_PRODUCTS_DIR; };
		9F930BF524FEC55E0034C8F7 /* AppDelegate.swift */ = {isa = PBXFileReference; lastKnownFileType = sourcecode.swift; path = AppDelegate.swift; sourceTree = "<group>"; };
		9F930BF724FEC55E0034C8F7 /* SceneDelegate.swift */ = {isa = PBXFileReference; lastKnownFileType = sourcecode.swift; path = SceneDelegate.swift; sourceTree = "<group>"; };
		9F930BFC24FEC55E0034C8F7 /* Base */ = {isa = PBXFileReference; lastKnownFileType = file.storyboard; name = Base; path = Base.lproj/Main.storyboard; sourceTree = "<group>"; };
		9F930BFE24FEC55F0034C8F7 /* Assets.xcassets */ = {isa = PBXFileReference; lastKnownFileType = folder.assetcatalog; path = Assets.xcassets; sourceTree = "<group>"; };
		9F930C0124FEC55F0034C8F7 /* Base */ = {isa = PBXFileReference; lastKnownFileType = file.storyboard; name = Base; path = Base.lproj/LaunchScreen.storyboard; sourceTree = "<group>"; };
		9F930C0324FEC55F0034C8F7 /* Info.plist */ = {isa = PBXFileReference; lastKnownFileType = text.plist.xml; path = Info.plist; sourceTree = "<group>"; };
/* End PBXFileReference section */

/* Begin PBXFrameworksBuildPhase section */
		9F930BEF24FEC55E0034C8F7 /* Frameworks */ = {
			isa = PBXFrameworksBuildPhase;
			buildActionMask = 2147483647;
			files = (
			);
			runOnlyForDeploymentPostprocessing = 0;
		};
/* End PBXFrameworksBuildPhase section */

/* Begin PBXGroup section */
		9F34057B24FED3A60035A385 /* Models */ = {
			isa = PBXGroup;
			children = (
				9F34057924FED00C0035A385 /* Item.swift */,
			);
			path = Models;
			sourceTree = "<group>";
		};
		9F34057C24FED54D0035A385 /* ExpiredList */ = {
			isa = PBXGroup;
			children = (
				9F34057F24FED5CF0035A385 /* ExpiredListViewController.swift */,
				9F34058024FED5CF0035A385 /* ExpiredListViewController.xib */,
			);
			path = ExpiredList;
			sourceTree = "<group>";
		};
		9F34057E24FED56B0035A385 /* FullList */ = {
			isa = PBXGroup;
			children = (
				9F34058924FED63E0035A385 /* FullListViewController.swift */,
				9F34058A24FED63E0035A385 /* FullListViewController.xib */,
				9F34059624FED7EE0035A385 /* FullListCell.swift */,
				9F34058D24FED6470035A385 /* DetailView */,
			);
			path = FullList;
			sourceTree = "<group>";
		};
		9F34058D24FED6470035A385 /* DetailView */ = {
			isa = PBXGroup;
			children = (
				9F34058E24FED6580035A385 /* DetailViewController.swift */,
				9F34058F24FED6580035A385 /* DetailViewController.xib */,
			);
			path = DetailView;
			sourceTree = "<group>";
		};
		9F888C3725014EDC003810D4 /* Service Objects */ = {
			isa = PBXGroup;
			children = (
				9F888C3825014EF8003810D4 /* GetItems.swift */,
			);
			path = "Service Objects";
			sourceTree = "<group>";
		};
		9F930BE924FEC55E0034C8F7 = {
			isa = PBXGroup;
			children = (
				9F930BF424FEC55E0034C8F7 /* GoGet */,
				9F930BF324FEC55E0034C8F7 /* Products */,
			);
			sourceTree = "<group>";
		};
		9F930BF324FEC55E0034C8F7 /* Products */ = {
			isa = PBXGroup;
			children = (
				9F930BF224FEC55E0034C8F7 /* GoGet.app */,
			);
			name = Products;
			sourceTree = "<group>";
		};
		9F930BF424FEC55E0034C8F7 /* GoGet */ = {
			isa = PBXGroup;
			children = (
				9F888C3725014EDC003810D4 /* Service Objects */,
				9F34057E24FED56B0035A385 /* FullList */,
				9F34057C24FED54D0035A385 /* ExpiredList */,
				9F34057B24FED3A60035A385 /* Models */,
				9F930BF524FEC55E0034C8F7 /* AppDelegate.swift */,
				9F930BF724FEC55E0034C8F7 /* SceneDelegate.swift */,
				9F930BFB24FEC55E0034C8F7 /* Main.storyboard */,
				9F930BFE24FEC55F0034C8F7 /* Assets.xcassets */,
				9F930C0024FEC55F0034C8F7 /* LaunchScreen.storyboard */,
				9F930C0324FEC55F0034C8F7 /* Info.plist */,
			);
			path = GoGet;
			sourceTree = "<group>";
		};
/* End PBXGroup section */

/* Begin PBXNativeTarget section */
		9F930BF124FEC55E0034C8F7 /* GoGet */ = {
			isa = PBXNativeTarget;
			buildConfigurationList = 9F930C0624FEC55F0034C8F7 /* Build configuration list for PBXNativeTarget "GoGet" */;
			buildPhases = (
				9F930BEE24FEC55E0034C8F7 /* Sources */,
				9F930BEF24FEC55E0034C8F7 /* Frameworks */,
				9F930BF024FEC55E0034C8F7 /* Resources */,
			);
			buildRules = (
			);
			dependencies = (
			);
			name = GoGet;
			productName = GoGet;
			productReference = 9F930BF224FEC55E0034C8F7 /* GoGet.app */;
			productType = "com.apple.product-type.application";
		};
/* End PBXNativeTarget section */

/* Begin PBXProject section */
		9F930BEA24FEC55E0034C8F7 /* Project object */ = {
			isa = PBXProject;
			attributes = {
				LastSwiftUpdateCheck = 1150;
				LastUpgradeCheck = 1150;
				ORGANIZATIONNAME = "Maggie Maldjian";
				TargetAttributes = {
					9F930BF124FEC55E0034C8F7 = {
						CreatedOnToolsVersion = 11.5;
					};
				};
			};
			buildConfigurationList = 9F930BED24FEC55E0034C8F7 /* Build configuration list for PBXProject "GoGet" */;
			compatibilityVersion = "Xcode 9.3";
			developmentRegion = en;
			hasScannedForEncodings = 0;
			knownRegions = (
				en,
				Base,
			);
			mainGroup = 9F930BE924FEC55E0034C8F7;
			productRefGroup = 9F930BF324FEC55E0034C8F7 /* Products */;
			projectDirPath = "";
			projectRoot = "";
			targets = (
				9F930BF124FEC55E0034C8F7 /* GoGet */,
			);
		};
/* End PBXProject section */

/* Begin PBXResourcesBuildPhase section */
		9F930BF024FEC55E0034C8F7 /* Resources */ = {
			isa = PBXResourcesBuildPhase;
			buildActionMask = 2147483647;
			files = (
				9F930C0224FEC55F0034C8F7 /* LaunchScreen.storyboard in Resources */,
				9F34059124FED6580035A385 /* DetailViewController.xib in Resources */,
				9F930BFF24FEC55F0034C8F7 /* Assets.xcassets in Resources */,
				9F34058224FED5CF0035A385 /* ExpiredListViewController.xib in Resources */,
				9F34058C24FED63E0035A385 /* FullListViewController.xib in Resources */,
				9F930BFD24FEC55E0034C8F7 /* Main.storyboard in Resources */,
			);
			runOnlyForDeploymentPostprocessing = 0;
		};
/* End PBXResourcesBuildPhase section */

/* Begin PBXSourcesBuildPhase section */
		9F930BEE24FEC55E0034C8F7 /* Sources */ = {
			isa = PBXSourcesBuildPhase;
			buildActionMask = 2147483647;
			files = (
				9F930BF624FEC55E0034C8F7 /* AppDelegate.swift in Sources */,
				9F34057A24FED00C0035A385 /* Item.swift in Sources */,
				9F888C3925014EF8003810D4 /* GetItems.swift in Sources */,
				9F34058124FED5CF0035A385 /* ExpiredListViewController.swift in Sources */,
				9F34059024FED6580035A385 /* DetailViewController.swift in Sources */,
				9F34059724FED7EE0035A385 /* FullListCell.swift in Sources */,
				9F930BF824FEC55E0034C8F7 /* SceneDelegate.swift in Sources */,
				9F34058B24FED63E0035A385 /* FullListViewController.swift in Sources */,
			);
			runOnlyForDeploymentPostprocessing = 0;
		};
/* End PBXSourcesBuildPhase section */

/* Begin PBXVariantGroup section */
		9F930BFB24FEC55E0034C8F7 /* Main.storyboard */ = {
			isa = PBXVariantGroup;
			children = (
				9F930BFC24FEC55E0034C8F7 /* Base */,
			);
			name = Main.storyboard;
			sourceTree = "<group>";
		};
		9F930C0024FEC55F0034C8F7 /* LaunchScreen.storyboard */ = {
			isa = PBXVariantGroup;
			children = (
				9F930C0124FEC55F0034C8F7 /* Base */,
			);
			name = LaunchScreen.storyboard;
			sourceTree = "<group>";
		};
/* End PBXVariantGroup section */

/* Begin XCBuildConfiguration section */
		9F930C0424FEC55F0034C8F7 /* Debug */ = {
			isa = XCBuildConfiguration;
			buildSettings = {
				ALWAYS_SEARCH_USER_PATHS = NO;
				CLANG_ANALYZER_NONNULL = YES;
				CLANG_ANALYZER_NUMBER_OBJECT_CONVERSION = YES_AGGRESSIVE;
				CLANG_CXX_LANGUAGE_STANDARD = "gnu++14";
				CLANG_CXX_LIBRARY = "libc++";
				CLANG_ENABLE_MODULES = YES;
				CLANG_ENABLE_OBJC_ARC = YES;
				CLANG_ENABLE_OBJC_WEAK = YES;
				CLANG_WARN_BLOCK_CAPTURE_AUTORELEASING = YES;
				CLANG_WARN_BOOL_CONVERSION = YES;
				CLANG_WARN_COMMA = YES;
				CLANG_WARN_CONSTANT_CONVERSION = YES;
				CLANG_WARN_DEPRECATED_OBJC_IMPLEMENTATIONS = YES;
				CLANG_WARN_DIRECT_OBJC_ISA_USAGE = YES_ERROR;
				CLANG_WARN_DOCUMENTATION_COMMENTS = YES;
				CLANG_WARN_EMPTY_BODY = YES;
				CLANG_WARN_ENUM_CONVERSION = YES;
				CLANG_WARN_INFINITE_RECURSION = YES;
				CLANG_WARN_INT_CONVERSION = YES;
				CLANG_WARN_NON_LITERAL_NULL_CONVERSION = YES;
				CLANG_WARN_OBJC_IMPLICIT_RETAIN_SELF = YES;
				CLANG_WARN_OBJC_LITERAL_CONVERSION = YES;
				CLANG_WARN_OBJC_ROOT_CLASS = YES_ERROR;
				CLANG_WARN_RANGE_LOOP_ANALYSIS = YES;
				CLANG_WARN_STRICT_PROTOTYPES = YES;
				CLANG_WARN_SUSPICIOUS_MOVE = YES;
				CLANG_WARN_UNGUARDED_AVAILABILITY = YES_AGGRESSIVE;
				CLANG_WARN_UNREACHABLE_CODE = YES;
				CLANG_WARN__DUPLICATE_METHOD_MATCH = YES;
				COPY_PHASE_STRIP = NO;
				DEBUG_INFORMATION_FORMAT = dwarf;
				ENABLE_STRICT_OBJC_MSGSEND = YES;
				ENABLE_TESTABILITY = YES;
				GCC_C_LANGUAGE_STANDARD = gnu11;
				GCC_DYNAMIC_NO_PIC = NO;
				GCC_NO_COMMON_BLOCKS = YES;
				GCC_OPTIMIZATION_LEVEL = 0;
				GCC_PREPROCESSOR_DEFINITIONS = (
					"DEBUG=1",
					"$(inherited)",
				);
				GCC_WARN_64_TO_32_BIT_CONVERSION = YES;
				GCC_WARN_ABOUT_RETURN_TYPE = YES_ERROR;
				GCC_WARN_UNDECLARED_SELECTOR = YES;
				GCC_WARN_UNINITIALIZED_AUTOS = YES_AGGRESSIVE;
				GCC_WARN_UNUSED_FUNCTION = YES;
				GCC_WARN_UNUSED_VARIABLE = YES;
				IPHONEOS_DEPLOYMENT_TARGET = 13.5;
				MTL_ENABLE_DEBUG_INFO = INCLUDE_SOURCE;
				MTL_FAST_MATH = YES;
				ONLY_ACTIVE_ARCH = YES;
				SDKROOT = iphoneos;
				SWIFT_ACTIVE_COMPILATION_CONDITIONS = DEBUG;
				SWIFT_OPTIMIZATION_LEVEL = "-Onone";
			};
			name = Debug;
		};
		9F930C0524FEC55F0034C8F7 /* Release */ = {
			isa = XCBuildConfiguration;
			buildSettings = {
				ALWAYS_SEARCH_USER_PATHS = NO;
				CLANG_ANALYZER_NONNULL = YES;
				CLANG_ANALYZER_NUMBER_OBJECT_CONVERSION = YES_AGGRESSIVE;
				CLANG_CXX_LANGUAGE_STANDARD = "gnu++14";
				CLANG_CXX_LIBRARY = "libc++";
				CLANG_ENABLE_MODULES = YES;
				CLANG_ENABLE_OBJC_ARC = YES;
				CLANG_ENABLE_OBJC_WEAK = YES;
				CLANG_WARN_BLOCK_CAPTURE_AUTORELEASING = YES;
				CLANG_WARN_BOOL_CONVERSION = YES;
				CLANG_WARN_COMMA = YES;
				CLANG_WARN_CONSTANT_CONVERSION = YES;
				CLANG_WARN_DEPRECATED_OBJC_IMPLEMENTATIONS = YES;
				CLANG_WARN_DIRECT_OBJC_ISA_USAGE = YES_ERROR;
				CLANG_WARN_DOCUMENTATION_COMMENTS = YES;
				CLANG_WARN_EMPTY_BODY = YES;
				CLANG_WARN_ENUM_CONVERSION = YES;
				CLANG_WARN_INFINITE_RECURSION = YES;
				CLANG_WARN_INT_CONVERSION = YES;
				CLANG_WARN_NON_LITERAL_NULL_CONVERSION = YES;
				CLANG_WARN_OBJC_IMPLICIT_RETAIN_SELF = YES;
				CLANG_WARN_OBJC_LITERAL_CONVERSION = YES;
				CLANG_WARN_OBJC_ROOT_CLASS = YES_ERROR;
				CLANG_WARN_RANGE_LOOP_ANALYSIS = YES;
				CLANG_WARN_STRICT_PROTOTYPES = YES;
				CLANG_WARN_SUSPICIOUS_MOVE = YES;
				CLANG_WARN_UNGUARDED_AVAILABILITY = YES_AGGRESSIVE;
				CLANG_WARN_UNREACHABLE_CODE = YES;
				CLANG_WARN__DUPLICATE_METHOD_MATCH = YES;
				COPY_PHASE_STRIP = NO;
				DEBUG_INFORMATION_FORMAT = "dwarf-with-dsym";
				ENABLE_NS_ASSERTIONS = NO;
				ENABLE_STRICT_OBJC_MSGSEND = YES;
				GCC_C_LANGUAGE_STANDARD = gnu11;
				GCC_NO_COMMON_BLOCKS = YES;
				GCC_WARN_64_TO_32_BIT_CONVERSION = YES;
				GCC_WARN_ABOUT_RETURN_TYPE = YES_ERROR;
				GCC_WARN_UNDECLARED_SELECTOR = YES;
				GCC_WARN_UNINITIALIZED_AUTOS = YES_AGGRESSIVE;
				GCC_WARN_UNUSED_FUNCTION = YES;
				GCC_WARN_UNUSED_VARIABLE = YES;
				IPHONEOS_DEPLOYMENT_TARGET = 13.5;
				MTL_ENABLE_DEBUG_INFO = NO;
				MTL_FAST_MATH = YES;
				SDKROOT = iphoneos;
				SWIFT_COMPILATION_MODE = wholemodule;
				SWIFT_OPTIMIZATION_LEVEL = "-O";
				VALIDATE_PRODUCT = YES;
			};
			name = Release;
		};
		9F930C0724FEC55F0034C8F7 /* Debug */ = {
			isa = XCBuildConfiguration;
			buildSettings = {
				ASSETCATALOG_COMPILER_APPICON_NAME = AppIcon;
				CODE_SIGN_STYLE = Automatic;
				DEVELOPMENT_TEAM = 4DW86QYDM7;
				INFOPLIST_FILE = GoGet/Info.plist;
				LD_RUNPATH_SEARCH_PATHS = (
					"$(inherited)",
					"@executable_path/Frameworks",
				);
				PRODUCT_BUNDLE_IDENTIFIER = com.example.GoGet;
				PRODUCT_NAME = "$(TARGET_NAME)";
				SWIFT_VERSION = 5.0;
				TARGETED_DEVICE_FAMILY = "1,2";
			};
			name = Debug;
		};
		9F930C0824FEC55F0034C8F7 /* Release */ = {
			isa = XCBuildConfiguration;
			buildSettings = {
				ASSETCATALOG_COMPILER_APPICON_NAME = AppIcon;
				CODE_SIGN_STYLE = Automatic;
				DEVELOPMENT_TEAM = 4DW86QYDM7;
				INFOPLIST_FILE = GoGet/Info.plist;
				LD_RUNPATH_SEARCH_PATHS = (
					"$(inherited)",
					"@executable_path/Frameworks",
				);
				PRODUCT_BUNDLE_IDENTIFIER = com.example.GoGet;
				PRODUCT_NAME = "$(TARGET_NAME)";
				SWIFT_VERSION = 5.0;
				TARGETED_DEVICE_FAMILY = "1,2";
			};
			name = Release;
		};
/* End XCBuildConfiguration section */

/* Begin XCConfigurationList section */
		9F930BED24FEC55E0034C8F7 /* Build configuration list for PBXProject "GoGet" */ = {
			isa = XCConfigurationList;
			buildConfigurations = (
				9F930C0424FEC55F0034C8F7 /* Debug */,
				9F930C0524FEC55F0034C8F7 /* Release */,
			);
			defaultConfigurationIsVisible = 0;
			defaultConfigurationName = Release;
		};
		9F930C0624FEC55F0034C8F7 /* Build configuration list for PBXNativeTarget "GoGet" */ = {
			isa = XCConfigurationList;
			buildConfigurations = (
				9F930C0724FEC55F0034C8F7 /* Debug */,
				9F930C0824FEC55F0034C8F7 /* Release */,
			);
			defaultConfigurationIsVisible = 0;
			defaultConfigurationName = Release;
		};
/* End XCConfigurationList section */
	};
	rootObject = 9F930BEA24FEC55E0034C8F7 /* Project object */;
}
